
Microsoft Visual Studio Solution File, Format Version 12.00
# Visual Studio Version 17
VisualStudioVersion = 17.5.33530.505
MinimumVisualStudioVersion = 10.0.40219.1
Project("{FAE04EC0-301F-11D3-BF4B-00C04F79EFBC}") = "WindowsFormsApp1", "WindowsFormsApp1.csproj", "{C17C8A10-CD41-4112-AD5B-2E9CB8006AEB}"
EndProject
Global
	GlobalSection(SolutionConfigurationPlatforms) = preSolution
		Debug|Any CPU = Debug|Any CPU
		Release|Any CPU = Release|Any CPU
	EndGlobalSection
	GlobalSection(ProjectConfigurationPlatforms) = postSolution
		{C17C8A10-CD41-4112-AD5B-2E9CB8006AEB}.Debug|Any CPU.ActiveCfg = Debug|Any CPU
		{C17C8A10-CD41-4112-AD5B-2E9CB8006AEB}.Debug|Any CPU.Build.0 = Debug|Any CPU
		{C17C8A10-CD41-4112-AD5B-2E9CB8006AEB}.Release|Any CPU.ActiveCfg = Release|Any CPU
		{C17C8A10-CD41-4112-AD5B-2E9CB8006AEB}.Release|Any CPU.Build.0 = Release|Any CPU
	EndGlobalSection
	GlobalSection(SolutionProperties) = preSolution
		HideSolutionNode = FALSE
	EndGlobalSection
	GlobalSection(ExtensibilityGlobals) = postSolution
		SolutionGuid = {D2DC6A37-F95F-4EC4-9D1E-E05CA08E8A6B}
	EndGlobalSection
EndGlobal
